
Microsoft Visual Studio Solution File, Format Version 12.00
# Visual Studio Version 17
VisualStudioVersion = 17.11.35327.3
MinimumVisualStudioVersion = 10.0.40219.1
Project("{9A19103F-16F7-4668-BE54-9A1E7A4F7556}") = "CityWeatherApp", "CityWeatherApp\CityWeatherApp.csproj", "{8BD9C8F5-E5C2-41AC-BDEA-D4620EF6BBB1}"
EndProject
Project("{9A19103F-16F7-4668-BE54-9A1E7A4F7556}") = "CityWeatherTestsApp", "CityWeatherTestsApp\CityWeatherTestsApp.csproj", "{46B9E1F6-6A1E-41BB-9F55-FC25EA4B47DC}"
EndProject
Global
	GlobalSection(SolutionConfigurationPlatforms) = preSolution
		Debug|Any CPU = Debug|Any CPU
		Release|Any CPU = Release|Any CPU
	EndGlobalSection
	GlobalSection(ProjectConfigurationPlatforms) = postSolution
		{8BD9C8F5-E5C2-41AC-BDEA-D4620EF6BBB1}.Debug|Any CPU.ActiveCfg = Debug|Any CPU
		{8BD9C8F5-E5C2-41AC-BDEA-D4620EF6BBB1}.Debug|Any CPU.Build.0 = Debug|Any CPU
		{8BD9C8F5-E5C2-41AC-BDEA-D4620EF6BBB1}.Release|Any CPU.ActiveCfg = Release|Any CPU
		{8BD9C8F5-E5C2-41AC-BDEA-D4620EF6BBB1}.Release|Any CPU.Build.0 = Release|Any CPU
		{46B9E1F6-6A1E-41BB-9F55-FC25EA4B47DC}.Debug|Any CPU.ActiveCfg = Debug|Any CPU
		{46B9E1F6-6A1E-41BB-9F55-FC25EA4B47DC}.Debug|Any CPU.Build.0 = Debug|Any CPU
		{46B9E1F6-6A1E-41BB-9F55-FC25EA4B47DC}.Release|Any CPU.ActiveCfg = Release|Any CPU
		{46B9E1F6-6A1E-41BB-9F55-FC25EA4B47DC}.Release|Any CPU.Build.0 = Release|Any CPU
	EndGlobalSection
	GlobalSection(SolutionProperties) = preSolution
		HideSolutionNode = FALSE
	EndGlobalSection
	GlobalSection(ExtensibilityGlobals) = postSolution
		SolutionGuid = {980E714D-362F-4B9D-AC19-F0A29A60BBDA}
	EndGlobalSection
EndGlobal
